
Microsoft Visual Studio Solution File, Format Version 12.00
# Visual Studio 15
VisualStudioVersion = 15.0.28307.1684
MinimumVisualStudioVersion = 10.0.40219.1
Project("{8BC9CEB8-8B4A-11D0-8D11-00A0C91BC942}") = "simple", "simple\simple.vcxproj", "{9A473112-D823-44D6-A852-BB9B39F09480}"
EndProject
Project("{FAE04EC0-301F-11D3-BF4B-00C04F79EFBC}") = "usesimple", "usesimple\usesimple.csproj", "{255A6C7A-B5FD-4DD9-802E-2165202C6DD8}"
EndProject
Global
	GlobalSection(SolutionConfigurationPlatforms) = preSolution
		Debug|Any CPU = Debug|Any CPU
		Debug|ARM = Debug|ARM
		Debug|ARM64 = Debug|ARM64
		Debug|x64 = Debug|x64
		Debug|x86 = Debug|x86
		Release|Any CPU = Release|Any CPU
		Release|ARM = Release|ARM
		Release|ARM64 = Release|ARM64
		Release|x64 = Release|x64
		Release|x86 = Release|x86
	EndGlobalSection
	GlobalSection(ProjectConfigurationPlatforms) = postSolution
		{9A473112-D823-44D6-A852-BB9B39F09480}.Debug|Any CPU.ActiveCfg = Debug|Win32
		{9A473112-D823-44D6-A852-BB9B39F09480}.Debug|ARM.ActiveCfg = Debug|Win32
		{9A473112-D823-44D6-A852-BB9B39F09480}.Debug|ARM64.ActiveCfg = Debug|Win32
		{9A473112-D823-44D6-A852-BB9B39F09480}.Debug|x64.ActiveCfg = Debug|x64
		{9A473112-D823-44D6-A852-BB9B39F09480}.Debug|x64.Build.0 = Debug|x64
		{9A473112-D823-44D6-A852-BB9B39F09480}.Debug|x86.ActiveCfg = Debug|Win32
		{9A473112-D823-44D6-A852-BB9B39F09480}.Debug|x86.Build.0 = Debug|Win32
		{9A473112-D823-44D6-A852-BB9B39F09480}.Release|Any CPU.ActiveCfg = Release|Win32
		{9A473112-D823-44D6-A852-BB9B39F09480}.Release|ARM.ActiveCfg = Release|Win32
		{9A473112-D823-44D6-A852-BB9B39F09480}.Release|ARM64.ActiveCfg = Release|Win32
		{9A473112-D823-44D6-A852-BB9B39F09480}.Release|x64.ActiveCfg = Release|x64
		{9A473112-D823-44D6-A852-BB9B39F09480}.Release|x64.Build.0 = Release|x64
		{9A473112-D823-44D6-A852-BB9B39F09480}.Release|x86.ActiveCfg = Release|Win32
		{9A473112-D823-44D6-A852-BB9B39F09480}.Release|x86.Build.0 = Release|Win32
		{255A6C7A-B5FD-4DD9-802E-2165202C6DD8}.Debug|Any CPU.ActiveCfg = Debug|Any CPU
		{255A6C7A-B5FD-4DD9-802E-2165202C6DD8}.Debug|Any CPU.Build.0 = Debug|Any CPU
		{255A6C7A-B5FD-4DD9-802E-2165202C6DD8}.Debug|ARM.ActiveCfg = Debug|Any CPU
		{255A6C7A-B5FD-4DD9-802E-2165202C6DD8}.Debug|ARM.Build.0 = Debug|Any CPU
		{255A6C7A-B5FD-4DD9-802E-2165202C6DD8}.Debug|ARM64.ActiveCfg = Debug|Any CPU
		{255A6C7A-B5FD-4DD9-802E-2165202C6DD8}.Debug|ARM64.Build.0 = Debug|Any CPU
		{255A6C7A-B5FD-4DD9-802E-2165202C6DD8}.Debug|x64.ActiveCfg = Debug|Any CPU
		{255A6C7A-B5FD-4DD9-802E-2165202C6DD8}.Debug|x64.Build.0 = Debug|Any CPU
		{255A6C7A-B5FD-4DD9-802E-2165202C6DD8}.Debug|x86.ActiveCfg = Debug|Any CPU
		{255A6C7A-B5FD-4DD9-802E-2165202C6DD8}.Debug|x86.Build.0 = Debug|Any CPU
		{255A6C7A-B5FD-4DD9-802E-2165202C6DD8}.Release|Any CPU.ActiveCfg = Release|Any CPU
		{255A6C7A-B5FD-4DD9-802E-2165202C6DD8}.Release|Any CPU.Build.0 = Release|Any CPU
		{255A6C7A-B5FD-4DD9-802E-2165202C6DD8}.Release|ARM.ActiveCfg = Release|Any CPU
		{255A6C7A-B5FD-4DD9-802E-2165202C6DD8}.Release|ARM.Build.0 = Release|Any CPU
		{255A6C7A-B5FD-4DD9-802E-2165202C6DD8}.Release|ARM64.ActiveCfg = Release|Any CPU
		{255A6C7A-B5FD-4DD9-802E-2165202C6DD8}.Release|ARM64.Build.0 = Release|Any CPU
		{255A6C7A-B5FD-4DD9-802E-2165202C6DD8}.Release|x64.ActiveCfg = Release|Any CPU
		{255A6C7A-B5FD-4DD9-802E-2165202C6DD8}.Release|x64.Build.0 = Release|Any CPU
		{255A6C7A-B5FD-4DD9-802E-2165202C6DD8}.Release|x86.ActiveCfg = Release|Any CPU
		{255A6C7A-B5FD-4DD9-802E-2165202C6DD8}.Release|x86.Build.0 = Release|Any CPU
	EndGlobalSection
	GlobalSection(SolutionProperties) = preSolution
		HideSolutionNode = FALSE
	EndGlobalSection
	GlobalSection(ExtensibilityGlobals) = postSolution
		SolutionGuid = {999E1A8C-521F-414C-9848-A42BA5985910}
	EndGlobalSection
EndGlobal
